
Microsoft Visual Studio Solution File, Format Version 12.00
# Visual Studio Version 16
VisualStudioVersion = 16.0.30204.135
MinimumVisualStudioVersion = 10.0.40219.1
Project("{FAE04EC0-301F-11D3-BF4B-00C04F79EFBC}") = "Haicro", "Haicro\Haicro.csproj", "{2E837CC5-0A16-4788-8F20-38554A927888}"
EndProject
Global
	GlobalSection(SolutionConfigurationPlatforms) = preSolution
		Debug|Any CPU = Debug|Any CPU
		Release|Any CPU = Release|Any CPU
	EndGlobalSection
	GlobalSection(ProjectConfigurationPlatforms) = postSolution
		{2E837CC5-0A16-4788-8F20-38554A927888}.Debug|Any CPU.ActiveCfg = Debug|Any CPU
		{2E837CC5-0A16-4788-8F20-38554A927888}.Debug|Any CPU.Build.0 = Debug|Any CPU
		{2E837CC5-0A16-4788-8F20-38554A927888}.Release|Any CPU.ActiveCfg = Release|Any CPU
		{2E837CC5-0A16-4788-8F20-38554A927888}.Release|Any CPU.Build.0 = Release|Any CPU
	EndGlobalSection
	GlobalSection(SolutionProperties) = preSolution
		HideSolutionNode = FALSE
	EndGlobalSection
	GlobalSection(ExtensibilityGlobals) = postSolution
		SolutionGuid = {3C888BDD-ECF2-4FB4-BB25-598C63DE5170}
	EndGlobalSection
EndGlobal
